{
  "version": "4",
  "specifiers": {
    "jsr:@std/assert@^1.0.11": "1.0.12",
    "jsr:@std/assert@^1.0.12": "1.0.12",
    "jsr:@std/async@^1.0.11": "1.0.12",
    "jsr:@std/async@^1.0.12": "1.0.12",
    "jsr:@std/bytes@^1.0.5": "1.0.5",
    "jsr:@std/cli@^1.0.15": "1.0.16",
    "jsr:@std/cli@^1.0.16": "1.0.16",
    "jsr:@std/collections@^1.0.10": "1.0.10",
    "jsr:@std/crypto@^1.0.4": "1.0.4",
    "jsr:@std/data-structures@^1.0.6": "1.0.6",
    "jsr:@std/encoding@^1.0.8": "1.0.9",
    "jsr:@std/encoding@^1.0.9": "1.0.9",
    "jsr:@std/fmt@^1.0.6": "1.0.6",
    "jsr:@std/fs@^1.0.16": "1.0.16",
    "jsr:@std/html@^1.0.3": "1.0.3",
    "jsr:@std/http@^1.0.14": "1.0.14",
    "jsr:@std/internal@^1.0.6": "1.0.6",
    "jsr:@std/media-types@^1.1.0": "1.1.0",
    "jsr:@std/net@^1.0.4": "1.0.4",
    "jsr:@std/path@^1.0.8": "1.0.8",
    "jsr:@std/semver@^1.0.5": "1.0.5",
    "jsr:@std/streams@^1.0.9": "1.0.9",
    "jsr:@std/yaml@^1.0.5": "1.0.5",
    "jsr:@wok/case@^1.0.2": "1.0.2",
    "jsr:@wok/helmet@^4.0.6": "4.0.6",
    "jsr:@wok/k8s-api@^1.32.2": "1.32.2",
    "jsr:@wok/k8s-utils@^2.2.1": "2.2.1",
    "jsr:@wok/openapi-client@^1.0.2": "1.0.4",
    "jsr:@wok/openapi-client@^1.0.4": "1.0.4",
    "jsr:@wok/prometheus@^1.0.2": "1.0.2",
    "jsr:@wok/schema@3": "3.0.0",
    "jsr:@wok/typebox@2": "2.0.0",
    "jsr:@wok/utils@^5.1.2": "5.2.2",
    "jsr:@wok/utils@^5.2.2": "5.2.2",
    "npm:@aws-sdk/client-ec2@^3.787.0": "3.787.0",
    "npm:@octokit/webhooks-types@^7.6.1": "7.6.1",
    "npm:@sinclair/typebox@~0.34.28": "0.34.33",
    "npm:immer@^10.1.1": "10.1.1",
    "npm:jose@^6.0.10": "6.0.10",
    "npm:openapi-merge@^1.3.3": "1.3.3",
    "npm:rxjs@^7.8.2": "7.8.2",
    "npm:type-fest@^4.37.0": "4.39.1",
    "npm:type-fest@^4.38.0": "4.39.1",
    "npm:type-fest@^4.39.1": "4.39.1"
  },
  "jsr": {
    "@std/assert@1.0.12": {
      "integrity": "08009f0926dda9cbd8bef3a35d3b6a4b964b0ab5c3e140a4e0351fbf34af5b9a",
      "dependencies": [
        "jsr:@std/internal"
      ]
    },
    "@std/async@1.0.12": {
      "integrity": "d1bfcec459e8012846fe4e38dfc4241ab23240ecda3d8d6dfcf6d81a632e803d"
    },
    "@std/bytes@1.0.5": {
      "integrity": "4465dd739d7963d964c809202ebea6d5c6b8e3829ef25c6a224290fbb8a1021e"
    },
    "@std/cli@1.0.16": {
      "integrity": "02df293099c35b9e97d8ca05f57f54bd1ee08134f25d19a4756b3924695f4b00"
    },
    "@std/collections@1.0.10": {
      "integrity": "903af106a3d92970d74e20f7ebff77d9658af9bef4403f1dc42a7801c0575899"
    },
    "@std/crypto@1.0.4": {
      "integrity": "cee245c453bd5366207f4d8aa25ea3e9c86cecad2be3fefcaa6cb17203d79340"
    },
    "@std/data-structures@1.0.6": {
      "integrity": "76a7fd8080c66604c0496220a791860492ab21a04a63a969c0b9a0609bbbb760"
    },
    "@std/encoding@1.0.9": {
      "integrity": "025b8f18eb1749bc30d1353bf48b77d1eb5e35610220fa226f5a046b9240c5d7"
    },
    "@std/fmt@1.0.6": {
      "integrity": "a2c56a69a2369876ddb3ad6a500bb6501b5bad47bb3ea16bfb0c18974d2661fc"
    },
    "@std/fs@1.0.16": {
      "integrity": "81878f62b6eeda0bf546197fc3daa5327c132fee1273f6113f940784a468b036",
      "dependencies": [
        "jsr:@std/path"
      ]
    },
    "@std/html@1.0.3": {
      "integrity": "7a0ac35e050431fb49d44e61c8b8aac1ebd55937e0dc9ec6409aa4bab39a7988"
    },
    "@std/http@1.0.14": {
      "integrity": "bfc4329d975dff2abd8170e83e37deb454fbc678fec3fdd2ef5b03d92768a4ef",
      "dependencies": [
        "jsr:@std/cli@^1.0.16",
        "jsr:@std/encoding@^1.0.9",
        "jsr:@std/fmt",
        "jsr:@std/html",
        "jsr:@std/media-types",
        "jsr:@std/net",
        "jsr:@std/path",
        "jsr:@std/streams"
      ]
    },
    "@std/internal@1.0.6": {
      "integrity": "9533b128f230f73bd209408bb07a4b12f8d4255ab2a4d22a1fd6d87304aca9a4"
    },
    "@std/media-types@1.1.0": {
      "integrity": "c9d093f0c05c3512932b330e3cc1fe1d627b301db33a4c2c2185c02471d6eaa4"
    },
    "@std/net@1.0.4": {
      "integrity": "2f403b455ebbccf83d8a027d29c5a9e3a2452fea39bb2da7f2c04af09c8bc852"
    },
    "@std/path@1.0.8": {
      "integrity": "548fa456bb6a04d3c1a1e7477986b6cffbce95102d0bb447c67c4ee70e0364be"
    },
    "@std/semver@1.0.5": {
      "integrity": "529f79e83705714c105ad0ba55bec0f9da0f24d2f726b6cc1c15e505cc2c0624"
    },
    "@std/streams@1.0.9": {
      "integrity": "a9d26b1988cdd7aa7b1f4b51e1c36c1557f3f252880fa6cc5b9f37078b1a5035",
      "dependencies": [
        "jsr:@std/bytes"
      ]
    },
    "@std/yaml@1.0.5": {
      "integrity": "71ba3d334305ee2149391931508b2c293a8490f94a337eef3a09cade1a2a2742"
    },
    "@wok/case@1.0.2": {
      "integrity": "5d7c4da6ac87a372d603c6ab6fb0e07ec74d4a712c3cb9051961a0892b1f3090"
    },
    "@wok/helmet@4.0.6": {
      "integrity": "58ea0893a455da0cf75d699a58e101a67983a8c3efde1ae0dca09fcbd853af4d",
      "dependencies": [
        "jsr:@std/fmt",
        "jsr:@std/fs",
        "jsr:@std/path",
        "jsr:@std/semver",
        "jsr:@std/yaml",
        "jsr:@wok/k8s-utils",
        "jsr:@wok/schema",
        "jsr:@wok/utils@^5.2.2"
      ]
    },
    "@wok/k8s-api@1.32.2": {
      "integrity": "3e56aa0784fd0cd21a761399022546369fef7faaf15c6ad12dd73092549cebe9"
    },
    "@wok/k8s-utils@2.2.1": {
      "integrity": "aa0085626a8e62e56c1f9b25a1358fc54b358c4681bc7015c737cd747d2a1073",
      "dependencies": [
        "jsr:@std/assert@^1.0.11",
        "jsr:@std/async@^1.0.11",
        "jsr:@std/collections",
        "jsr:@std/streams",
        "jsr:@wok/k8s-api",
        "jsr:@wok/openapi-client@^1.0.2",
        "jsr:@wok/schema",
        "jsr:@wok/utils@^5.1.2"
      ]
    },
    "@wok/openapi-client@1.0.4": {
      "integrity": "1a7198d5b438e1207305eb0fe9ef938f732c27b224da00a44a0630865716719b"
    },
    "@wok/prometheus@1.0.2": {
      "integrity": "8b172f048b7e67a95e9bd77814267ee035bb0cdcc361675ffd697f9463675349"
    },
    "@wok/schema@3.0.0": {
      "integrity": "f4ec510de14528e5c9fb924a5b8adf9417677669be0dfe953754fe6e3af15a93",
      "dependencies": [
        "jsr:@wok/typebox",
        "npm:type-fest@^4.37.0"
      ]
    },
    "@wok/typebox@2.0.0": {
      "integrity": "8e232fe64321c79adb5b82120e3f841b08656486c673c8a3e3461c30f9306fff",
      "dependencies": [
        "npm:@sinclair/typebox"
      ]
    },
    "@wok/utils@5.2.2": {
      "integrity": "c84c3308a39e4628eeebd9d8bee697e1aa7002419f087fabe84ff38d91e37944",
      "dependencies": [
        "jsr:@std/assert@^1.0.12",
        "jsr:@std/async@^1.0.12",
        "jsr:@std/cli@^1.0.15",
        "jsr:@std/crypto",
        "jsr:@std/data-structures",
        "jsr:@std/encoding@^1.0.8",
        "jsr:@std/fmt",
        "jsr:@std/internal",
        "jsr:@std/streams",
        "jsr:@std/yaml",
        "jsr:@wok/case",
        "jsr:@wok/schema",
        "jsr:@wok/typebox",
        "npm:type-fest@^4.38.0"
      ]
    }
  },
  "npm": {
    "@aws-crypto/sha256-browser@5.2.0": {
      "integrity": "sha512-AXfN/lGotSQwu6HNcEsIASo7kWXZ5HYWvfOmSNKDsEqC4OashTp8alTmaz+F7TC2L083SFv5RdB+qU3Vs1kZqw==",
      "dependencies": [
        "@aws-crypto/sha256-js",
        "@aws-crypto/supports-web-crypto",
        "@aws-crypto/util",
        "@aws-sdk/types",
        "@aws-sdk/util-locate-window",
        "@smithy/util-utf8@2.3.0",
        "tslib"
      ]
    },
    "@aws-crypto/sha256-js@5.2.0": {
      "integrity": "sha512-FFQQyu7edu4ufvIZ+OadFpHHOt+eSTBaYaki44c+akjg7qZg9oOQeLlk77F6tSYqjDAFClrHJk9tMf0HdVyOvA==",
      "dependencies": [
        "@aws-crypto/util",
        "@aws-sdk/types",
        "tslib"
      ]
    },
    "@aws-crypto/supports-web-crypto@5.2.0": {
      "integrity": "sha512-iAvUotm021kM33eCdNfwIN//F77/IADDSs58i+MDaOqFrVjZo9bAal0NK7HurRuWLLpF1iLX7gbWrjHjeo+YFg==",
      "dependencies": [
        "tslib"
      ]
    },
    "@aws-crypto/util@5.2.0": {
      "integrity": "sha512-4RkU9EsI6ZpBve5fseQlGNUWKMa1RLPQ1dnjnQoe07ldfIzcsGb5hC5W0Dm7u423KWzawlrpbjXBrXCEv9zazQ==",
      "dependencies": [
        "@aws-sdk/types",
        "@smithy/util-utf8@2.3.0",
        "tslib"
      ]
    },
    "@aws-sdk/client-ec2@3.787.0": {
      "integrity": "sha512-JerdyOzUiUlu8MFJI+QOW/5QA+kL3myeNO/Bk5G9f69dDX7tb4HRwnQW5wWO74xtZOOlIAEjmtoJ9sGVmbtB/w==",
      "dependencies": [
        "@aws-crypto/sha256-browser",
        "@aws-crypto/sha256-js",
        "@aws-sdk/core",
        "@aws-sdk/credential-provider-node",
        "@aws-sdk/middleware-host-header",
        "@aws-sdk/middleware-logger",
        "@aws-sdk/middleware-recursion-detection",
        "@aws-sdk/middleware-sdk-ec2",
        "@aws-sdk/middleware-user-agent",
        "@aws-sdk/region-config-resolver",
        "@aws-sdk/types",
        "@aws-sdk/util-endpoints",
        "@aws-sdk/util-user-agent-browser",
        "@aws-sdk/util-user-agent-node",
        "@smithy/config-resolver",
        "@smithy/core",
        "@smithy/fetch-http-handler",
        "@smithy/hash-node",
        "@smithy/invalid-dependency",
        "@smithy/middleware-content-length",
        "@smithy/middleware-endpoint",
        "@smithy/middleware-retry",
        "@smithy/middleware-serde",
        "@smithy/middleware-stack",
        "@smithy/node-config-provider",
        "@smithy/node-http-handler",
        "@smithy/protocol-http",
        "@smithy/smithy-client",
        "@smithy/types",
        "@smithy/url-parser",
        "@smithy/util-base64",
        "@smithy/util-body-length-browser",
        "@smithy/util-body-length-node",
        "@smithy/util-defaults-mode-browser",
        "@smithy/util-defaults-mode-node",
        "@smithy/util-endpoints",
        "@smithy/util-middleware",
        "@smithy/util-retry",
        "@smithy/util-utf8@4.0.0",
        "@smithy/util-waiter",
        "@types/uuid",
        "tslib",
        "uuid"
      ]
    },
    "@aws-sdk/client-sso@3.787.0": {
      "integrity": "sha512-L8R+Mh258G0DC73ktpSVrG4TT9i2vmDLecARTDR/4q5sRivdDQSL5bUp3LKcK80Bx+FRw3UETIlX6mYMLL9PJQ==",
      "dependencies": [
        "@aws-crypto/sha256-browser",
        "@aws-crypto/sha256-js",
        "@aws-sdk/core",
        "@aws-sdk/middleware-host-header",
        "@aws-sdk/middleware-logger",
        "@aws-sdk/middleware-recursion-detection",
        "@aws-sdk/middleware-user-agent",
        "@aws-sdk/region-config-resolver",
        "@aws-sdk/types",
        "@aws-sdk/util-endpoints",
        "@aws-sdk/util-user-agent-browser",
        "@aws-sdk/util-user-agent-node",
        "@smithy/config-resolver",
        "@smithy/core",
        "@smithy/fetch-http-handler",
        "@smithy/hash-node",
        "@smithy/invalid-dependency",
        "@smithy/middleware-content-length",
        "@smithy/middleware-endpoint",
        "@smithy/middleware-retry",
        "@smithy/middleware-serde",
        "@smithy/middleware-stack",
        "@smithy/node-config-provider",
        "@smithy/node-http-handler",
        "@smithy/protocol-http",
        "@smithy/smithy-client",
        "@smithy/types",
        "@smithy/url-parser",
        "@smithy/util-base64",
        "@smithy/util-body-length-browser",
        "@smithy/util-body-length-node",
        "@smithy/util-defaults-mode-browser",
        "@smithy/util-defaults-mode-node",
        "@smithy/util-endpoints",
        "@smithy/util-middleware",
        "@smithy/util-retry",
        "@smithy/util-utf8@4.0.0",
        "tslib"
      ]
    },
    "@aws-sdk/core@3.775.0": {
      "integrity": "sha512-8vpW4WihVfz0DX+7WnnLGm3GuQER++b0IwQG35JlQMlgqnc44M//KbJPsIHA0aJUJVwJAEShgfr5dUbY8WUzaA==",
      "dependencies": [
        "@aws-sdk/types",
        "@smithy/core",
        "@smithy/node-config-provider",
        "@smithy/property-provider",
        "@smithy/protocol-http",
        "@smithy/signature-v4",
        "@smithy/smithy-client",
        "@smithy/types",
        "@smithy/util-middleware",
        "fast-xml-parser",
        "tslib"
      ]
    },
    "@aws-sdk/credential-provider-env@3.775.0": {
      "integrity": "sha512-6ESVxwCbGm7WZ17kY1fjmxQud43vzJFoLd4bmlR+idQSWdqlzGDYdcfzpjDKTcivdtNrVYmFvcH1JBUwCRAZhw==",
      "dependencies": [
        "@aws-sdk/core",
        "@aws-sdk/types",
        "@smithy/property-provider",
        "@smithy/types",
        "tslib"
      ]
    },
    "@aws-sdk/credential-provider-http@3.775.0": {
      "integrity": "sha512-PjDQeDH/J1S0yWV32wCj2k5liRo0ssXMseCBEkCsD3SqsU8o5cU82b0hMX4sAib/RkglCSZqGO0xMiN0/7ndww==",
      "dependencies": [
        "@aws-sdk/core",
        "@aws-sdk/types",
        "@smithy/fetch-http-handler",
        "@smithy/node-http-handler",
        "@smithy/property-provider",
        "@smithy/protocol-http",
        "@smithy/smithy-client",
        "@smithy/types",
        "@smithy/util-stream",
        "tslib"
      ]
    },
    "@aws-sdk/credential-provider-ini@3.787.0": {
      "integrity": "sha512-hc2taRoDlXn2uuNuHWDJljVWYrp3r9JF1a/8XmOAZhVUNY+ImeeStylHXhXXKEA4JOjW+5PdJj0f1UDkVCHJiQ==",
      "dependencies": [
        "@aws-sdk/core",
        "@aws-sdk/credential-provider-env",
        "@aws-sdk/credential-provider-http",
        "@aws-sdk/credential-provider-process",
        "@aws-sdk/credential-provider-sso",
        "@aws-sdk/credential-provider-web-identity",
        "@aws-sdk/nested-clients",
        "@aws-sdk/types",
        "@smithy/credential-provider-imds",
        "@smithy/property-provider",
        "@smithy/shared-ini-file-loader",
        "@smithy/types",
        "tslib"
      ]
    },
    "@aws-sdk/credential-provider-node@3.787.0": {
      "integrity": "sha512-JioVi44B1vDMaK2CdzqimwvJD3uzvzbQhaEWXsGMBcMcNHajXAXf08EF50JG3ZhLrhhUsT1ObXpbTaPINOhh+g==",
      "dependencies": [
        "@aws-sdk/credential-provider-env",
        "@aws-sdk/credential-provider-http",
        "@aws-sdk/credential-provider-ini",
        "@aws-sdk/credential-provider-process",
        "@aws-sdk/credential-provider-sso",
        "@aws-sdk/credential-provider-web-identity",
        "@aws-sdk/types",
        "@smithy/credential-provider-imds",
        "@smithy/property-provider",
        "@smithy/shared-ini-file-loader",
        "@smithy/types",
        "tslib"
      ]
    },
    "@aws-sdk/credential-provider-process@3.775.0": {
      "integrity": "sha512-A6k68H9rQp+2+7P7SGO90Csw6nrUEm0Qfjpn9Etc4EboZhhCLs9b66umUsTsSBHus4FDIe5JQxfCUyt1wgNogg==",
      "dependencies": [
        "@aws-sdk/core",
        "@aws-sdk/types",
        "@smithy/property-provider",
        "@smithy/shared-ini-file-loader",
        "@smithy/types",
        "tslib"
      ]
    },
    "@aws-sdk/credential-provider-sso@3.787.0": {
      "integrity": "sha512-fHc08bsvwm4+dEMEQKnQ7c1irEQmmxbgS+Fq41y09pPvPh31nAhoMcjBSTWAaPHvvsRbTYvmP4Mf12ZGr8/nfg==",
      "dependencies": [
        "@aws-sdk/client-sso",
        "@aws-sdk/core",
        "@aws-sdk/token-providers",
        "@aws-sdk/types",
        "@smithy/property-provider",
        "@smithy/shared-ini-file-loader",
        "@smithy/types",
        "tslib"
      ]
    },
    "@aws-sdk/credential-provider-web-identity@3.787.0": {
      "integrity": "sha512-SobmCwNbk6TfEsF283mZPQEI5vV2j6eY5tOCj8Er4Lzraxu9fBPADV+Bib2A8F6jlB1lMPJzOuDCbEasSt/RIw==",
      "dependencies": [
        "@aws-sdk/core",
        "@aws-sdk/nested-clients",
        "@aws-sdk/types",
        "@smithy/property-provider",
        "@smithy/types",
        "tslib"
      ]
    },
    "@aws-sdk/middleware-host-header@3.775.0": {
      "integrity": "sha512-tkSegM0Z6WMXpLB8oPys/d+umYIocvO298mGvcMCncpRl77L9XkvSLJIFzaHes+o7djAgIduYw8wKIMStFss2w==",
      "dependencies": [
        "@aws-sdk/types",
        "@smithy/protocol-http",
        "@smithy/types",
        "tslib"
      ]
    },
    "@aws-sdk/middleware-logger@3.775.0": {
      "integrity": "sha512-FaxO1xom4MAoUJsldmR92nT1G6uZxTdNYOFYtdHfd6N2wcNaTuxgjIvqzg5y7QIH9kn58XX/dzf1iTjgqUStZw==",
      "dependencies": [
        "@aws-sdk/types",
        "@smithy/types",
        "tslib"
      ]
    },
    "@aws-sdk/middleware-recursion-detection@3.775.0": {
      "integrity": "sha512-GLCzC8D0A0YDG5u3F5U03Vb9j5tcOEFhr8oc6PDk0k0vm5VwtZOE6LvK7hcCSoAB4HXyOUM0sQuXrbaAh9OwXA==",
      "dependencies": [
        "@aws-sdk/types",
        "@smithy/protocol-http",
        "@smithy/types",
        "tslib"
      ]
    },
    "@aws-sdk/middleware-sdk-ec2@3.775.0": {
      "integrity": "sha512-5xiHVaGUS2fr6GjzHEFWMZsgDQmWY6KjD4rLwpJVO5ZjsrJpxMa9lTozpdhhZoPR9MoSyObz7GqB7B7UavQv7Q==",
      "dependencies": [
        "@aws-sdk/types",
        "@aws-sdk/util-format-url",
        "@smithy/middleware-endpoint",
        "@smithy/protocol-http",
        "@smithy/signature-v4",
        "@smithy/smithy-client",
        "@smithy/types",
        "tslib"
      ]
    },
    "@aws-sdk/middleware-user-agent@3.787.0": {
      "integrity": "sha512-Lnfj8SmPLYtrDFthNIaNj66zZsBCam+E4XiUDr55DIHTGstH6qZ/q6vg0GfbukxwSmUcGMwSR4Qbn8rb8yd77g==",
      "dependencies": [
        "@aws-sdk/core",
        "@aws-sdk/types",
        "@aws-sdk/util-endpoints",
        "@smithy/core",
        "@smithy/protocol-http",
        "@smithy/types",
        "tslib"
      ]
    },
    "@aws-sdk/nested-clients@3.787.0": {
      "integrity": "sha512-xk03q1xpKNHgbuo+trEf1dFrI239kuMmjKKsqLEsHlAZbuFq4yRGMlHBrVMnKYOPBhVFDS/VineM991XI52fKg==",
      "dependencies": [
        "@aws-crypto/sha256-browser",
        "@aws-crypto/sha256-js",
        "@aws-sdk/core",
        "@aws-sdk/middleware-host-header",
        "@aws-sdk/middleware-logger",
        "@aws-sdk/middleware-recursion-detection",
        "@aws-sdk/middleware-user-agent",
        "@aws-sdk/region-config-resolver",
        "@aws-sdk/types",
        "@aws-sdk/util-endpoints",
        "@aws-sdk/util-user-agent-browser",
        "@aws-sdk/util-user-agent-node",
        "@smithy/config-resolver",
        "@smithy/core",
        "@smithy/fetch-http-handler",
        "@smithy/hash-node",
        "@smithy/invalid-dependency",
        "@smithy/middleware-content-length",
        "@smithy/middleware-endpoint",
        "@smithy/middleware-retry",
        "@smithy/middleware-serde",
        "@smithy/middleware-stack",
        "@smithy/node-config-provider",
        "@smithy/node-http-handler",
        "@smithy/protocol-http",
        "@smithy/smithy-client",
        "@smithy/types",
        "@smithy/url-parser",
        "@smithy/util-base64",
        "@smithy/util-body-length-browser",
        "@smithy/util-body-length-node",
        "@smithy/util-defaults-mode-browser",
        "@smithy/util-defaults-mode-node",
        "@smithy/util-endpoints",
        "@smithy/util-middleware",
        "@smithy/util-retry",
        "@smithy/util-utf8@4.0.0",
        "tslib"
      ]
    },
    "@aws-sdk/region-config-resolver@3.775.0": {
      "integrity": "sha512-40iH3LJjrQS3LKUJAl7Wj0bln7RFPEvUYKFxtP8a+oKFDO0F65F52xZxIJbPn6sHkxWDAnZlGgdjZXM3p2g5wQ==",
      "dependencies": [
        "@aws-sdk/types",
        "@smithy/node-config-provider",
        "@smithy/types",
        "@smithy/util-config-provider",
        "@smithy/util-middleware",
        "tslib"
      ]
    },
    "@aws-sdk/token-providers@3.787.0": {
      "integrity": "sha512-d7/NIqxq308Zg0RPMNrmn0QvzniL4Hx8Qdwzr6YZWLYAbUSvZYS2ppLR3BFWSkV6SsTJUx8BuDaj3P8vttkrog==",
      "dependencies": [
        "@aws-sdk/nested-clients",
        "@aws-sdk/types",
        "@smithy/property-provider",
        "@smithy/shared-ini-file-loader",
        "@smithy/types",
        "tslib"
      ]
    },
    "@aws-sdk/types@3.775.0": {
      "integrity": "sha512-ZoGKwa4C9fC9Av6bdfqcW6Ix5ot05F/S4VxWR2nHuMv7hzfmAjTOcUiWT7UR4hM/U0whf84VhDtXN/DWAk52KA==",
      "dependencies": [
        "@smithy/types",
        "tslib"
      ]
    },
    "@aws-sdk/util-endpoints@3.787.0": {
      "integrity": "sha512-fd3zkiOkwnbdbN0Xp9TsP5SWrmv0SpT70YEdbb8wAj2DWQwiCmFszaSs+YCvhoCdmlR3Wl9Spu0pGpSAGKeYvQ==",
      "dependencies": [
        "@aws-sdk/types",
        "@smithy/types",
        "@smithy/util-endpoints",
        "tslib"
      ]
    },
    "@aws-sdk/util-format-url@3.775.0": {
      "integrity": "sha512-Nw4nBeyCbWixoGh8NcVpa/i8McMA6RXJIjQFyloJLaPr7CPquz7ZbSl0MUWMFVwP/VHaJ7B+lNN3Qz1iFCEP/Q==",
      "dependencies": [
        "@aws-sdk/types",
        "@smithy/querystring-builder",
        "@smithy/types",
        "tslib"
      ]
    },
    "@aws-sdk/util-locate-window@3.723.0": {
      "integrity": "sha512-Yf2CS10BqK688DRsrKI/EO6B8ff5J86NXe4C+VCysK7UOgN0l1zOTeTukZ3H8Q9tYYX3oaF1961o8vRkFm7Nmw==",
      "dependencies": [
        "tslib"
      ]
    },
    "@aws-sdk/util-user-agent-browser@3.775.0": {
      "integrity": "sha512-txw2wkiJmZKVdDbscK7VBK+u+TJnRtlUjRTLei+elZg2ADhpQxfVAQl436FUeIv6AhB/oRHW6/K/EAGXUSWi0A==",
      "dependencies": [
        "@aws-sdk/types",
        "@smithy/types",
        "bowser",
        "tslib"
      ]
    },
    "@aws-sdk/util-user-agent-node@3.787.0": {
      "integrity": "sha512-mG7Lz8ydfG4SF9e8WSXiPQ/Lsn3n8A5B5jtPROidafi06I3ckV2WxyMLdwG14m919NoS6IOfWHyRGSqWIwbVKA==",
      "dependencies": [
        "@aws-sdk/middleware-user-agent",
        "@aws-sdk/types",
        "@smithy/node-config-provider",
        "@smithy/types",
        "tslib"
      ]
    },
    "@octokit/webhooks-types@7.6.1": {
      "integrity": "sha512-S8u2cJzklBC0FgTwWVLaM8tMrDuDMVE4xiTK4EYXM9GntyvrdbSoxqDQa+Fh57CCNApyIpyeqPhhFEmHPfrXgw=="
    },
    "@sinclair/typebox@0.34.33": {
      "integrity": "sha512-5HAV9exOMcXRUxo+9iYB5n09XxzCXnfy4VTNW4xnDv+FgjzAGY989C28BIdljKqmF+ZltUwujE3aossvcVtq6g=="
    },
    "@smithy/abort-controller@4.0.2": {
      "integrity": "sha512-Sl/78VDtgqKxN2+1qduaVE140XF+Xg+TafkncspwM4jFP/LHr76ZHmIY/y3V1M0mMLNk+Je6IGbzxy23RSToMw==",
      "dependencies": [
        "@smithy/types",
        "tslib"
      ]
    },
    "@smithy/config-resolver@4.1.0": {
      "integrity": "sha512-8smPlwhga22pwl23fM5ew4T9vfLUCeFXlcqNOCD5M5h8VmNPNUE9j6bQSuRXpDSV11L/E/SwEBQuW8hr6+nS1A==",
      "dependencies": [
        "@smithy/node-config-provider",
        "@smithy/types",
        "@smithy/util-config-provider",
        "@smithy/util-middleware",
        "tslib"
      ]
    },
    "@smithy/core@3.2.0": {
      "integrity": "sha512-k17bgQhVZ7YmUvA8at4af1TDpl0NDMBuBKJl8Yg0nrefwmValU+CnA5l/AriVdQNthU/33H3nK71HrLgqOPr1Q==",
      "dependencies": [
        "@smithy/middleware-serde",
        "@smithy/protocol-http",
        "@smithy/types",
        "@smithy/util-body-length-browser",
        "@smithy/util-middleware",
        "@smithy/util-stream",
        "@smithy/util-utf8@4.0.0",
        "tslib"
      ]
    },
    "@smithy/credential-provider-imds@4.0.2": {
      "integrity": "sha512-32lVig6jCaWBHnY+OEQ6e6Vnt5vDHaLiydGrwYMW9tPqO688hPGTYRamYJ1EptxEC2rAwJrHWmPoKRBl4iTa8w==",
      "dependencies": [
        "@smithy/node-config-provider",
        "@smithy/property-provider",
        "@smithy/types",
        "@smithy/url-parser",
        "tslib"
      ]
    },
    "@smithy/fetch-http-handler@5.0.2": {
      "integrity": "sha512-+9Dz8sakS9pe7f2cBocpJXdeVjMopUDLgZs1yWeu7h++WqSbjUYv/JAJwKwXw1HV6gq1jyWjxuyn24E2GhoEcQ==",
      "dependencies": [
        "@smithy/protocol-http",
        "@smithy/querystring-builder",
        "@smithy/types",
        "@smithy/util-base64",
        "tslib"
      ]
    },
    "@smithy/hash-node@4.0.2": {
      "integrity": "sha512-VnTpYPnRUE7yVhWozFdlxcYknv9UN7CeOqSrMH+V877v4oqtVYuoqhIhtSjmGPvYrYnAkaM61sLMKHvxL138yg==",
      "dependencies": [
        "@smithy/types",
        "@smithy/util-buffer-from@4.0.0",
        "@smithy/util-utf8@4.0.0",
        "tslib"
      ]
    },
    "@smithy/invalid-dependency@4.0.2": {
      "integrity": "sha512-GatB4+2DTpgWPday+mnUkoumP54u/MDM/5u44KF9hIu8jF0uafZtQLcdfIKkIcUNuF/fBojpLEHZS/56JqPeXQ==",
      "dependencies": [
        "@smithy/types",
        "tslib"
      ]
    },
    "@smithy/is-array-buffer@2.2.0": {
      "integrity": "sha512-GGP3O9QFD24uGeAXYUjwSTXARoqpZykHadOmA8G5vfJPK0/DC67qa//0qvqrJzL1xc8WQWX7/yc7fwudjPHPhA==",
      "dependencies": [
        "tslib"
      ]
    },
    "@smithy/is-array-buffer@4.0.0": {
      "integrity": "sha512-saYhF8ZZNoJDTvJBEWgeBccCg+yvp1CX+ed12yORU3NilJScfc6gfch2oVb4QgxZrGUx3/ZJlb+c/dJbyupxlw==",
      "dependencies": [
        "tslib"
      ]
    },
    "@smithy/middleware-content-length@4.0.2": {
      "integrity": "sha512-hAfEXm1zU+ELvucxqQ7I8SszwQ4znWMbNv6PLMndN83JJN41EPuS93AIyh2N+gJ6x8QFhzSO6b7q2e6oClDI8A==",
      "dependencies": [
        "@smithy/protocol-http",
        "@smithy/types",
        "tslib"
      ]
    },
    "@smithy/middleware-endpoint@4.1.0": {
      "integrity": "sha512-xhLimgNCbCzsUppRTGXWkZywksuTThxaIB0HwbpsVLY5sceac4e1TZ/WKYqufQLaUy+gUSJGNdwD2jo3cXL0iA==",
      "dependencies": [
        "@smithy/core",
        "@smithy/middleware-serde",
        "@smithy/node-config-provider",
        "@smithy/shared-ini-file-loader",
        "@smithy/types",
        "@smithy/url-parser",
        "@smithy/util-middleware",
        "tslib"
      ]
    },
    "@smithy/middleware-retry@4.1.0": {
      "integrity": "sha512-2zAagd1s6hAaI/ap6SXi5T3dDwBOczOMCSkkYzktqN1+tzbk1GAsHNAdo/1uzxz3Ky02jvZQwbi/vmDA6z4Oyg==",
      "dependencies": [
        "@smithy/node-config-provider",
        "@smithy/protocol-http",
        "@smithy/service-error-classification",
        "@smithy/smithy-client",
        "@smithy/types",
        "@smithy/util-middleware",
        "@smithy/util-retry",
        "tslib",
        "uuid"
      ]
    },
    "@smithy/middleware-serde@4.0.3": {
      "integrity": "sha512-rfgDVrgLEVMmMn0BI8O+8OVr6vXzjV7HZj57l0QxslhzbvVfikZbVfBVthjLHqib4BW44QhcIgJpvebHlRaC9A==",
      "dependencies": [
        "@smithy/types",
        "tslib"
      ]
    },
    "@smithy/middleware-stack@4.0.2": {
      "integrity": "sha512-eSPVcuJJGVYrFYu2hEq8g8WWdJav3sdrI4o2c6z/rjnYDd3xH9j9E7deZQCzFn4QvGPouLngH3dQ+QVTxv5bOQ==",
      "dependencies": [
        "@smithy/types",
        "tslib"
      ]
    },
    "@smithy/node-config-provider@4.0.2": {
      "integrity": "sha512-WgCkILRZfJwJ4Da92a6t3ozN/zcvYyJGUTmfGbgS/FkCcoCjl7G4FJaCDN1ySdvLvemnQeo25FdkyMSTSwulsw==",
      "dependencies": [
        "@smithy/property-provider",
        "@smithy/shared-ini-file-loader",
        "@smithy/types",
        "tslib"
      ]
    },
    "@smithy/node-http-handler@4.0.4": {
      "integrity": "sha512-/mdqabuAT3o/ihBGjL94PUbTSPSRJ0eeVTdgADzow0wRJ0rN4A27EOrtlK56MYiO1fDvlO3jVTCxQtQmK9dZ1g==",
      "dependencies": [
        "@smithy/abort-controller",
        "@smithy/protocol-http",
        "@smithy/querystring-builder",
        "@smithy/types",
        "tslib"
      ]
    },
    "@smithy/property-provider@4.0.2": {
      "integrity": "sha512-wNRoQC1uISOuNc2s4hkOYwYllmiyrvVXWMtq+TysNRVQaHm4yoafYQyjN/goYZS+QbYlPIbb/QRjaUZMuzwQ7A==",
      "dependencies": [
        "@smithy/types",
        "tslib"
      ]
    },
    "@smithy/protocol-http@5.1.0": {
      "integrity": "sha512-KxAOL1nUNw2JTYrtviRRjEnykIDhxc84qMBzxvu1MUfQfHTuBlCG7PA6EdVwqpJjH7glw7FqQoFxUJSyBQgu7g==",
      "dependencies": [
        "@smithy/types",
        "tslib"
      ]
    },
    "@smithy/querystring-builder@4.0.2": {
      "integrity": "sha512-NTOs0FwHw1vimmQM4ebh+wFQvOwkEf/kQL6bSM1Lock+Bv4I89B3hGYoUEPkmvYPkDKyp5UdXJYu+PoTQ3T31Q==",
      "dependencies": [
        "@smithy/types",
        "@smithy/util-uri-escape",
        "tslib"
      ]
    },
    "@smithy/querystring-parser@4.0.2": {
      "integrity": "sha512-v6w8wnmZcVXjfVLjxw8qF7OwESD9wnpjp0Dqry/Pod0/5vcEA3qxCr+BhbOHlxS8O+29eLpT3aagxXGwIoEk7Q==",
      "dependencies": [
        "@smithy/types",
        "tslib"
      ]
    },
    "@smithy/service-error-classification@4.0.2": {
      "integrity": "sha512-LA86xeFpTKn270Hbkixqs5n73S+LVM0/VZco8dqd+JT75Dyx3Lcw/MraL7ybjmz786+160K8rPOmhsq0SocoJQ==",
      "dependencies": [
        "@smithy/types"
      ]
    },
    "@smithy/shared-ini-file-loader@4.0.2": {
      "integrity": "sha512-J9/gTWBGVuFZ01oVA6vdb4DAjf1XbDhK6sLsu3OS9qmLrS6KB5ygpeHiM3miIbj1qgSJ96GYszXFWv6ErJ8QEw==",
      "dependencies": [
        "@smithy/types",
        "tslib"
      ]
    },
    "@smithy/signature-v4@5.0.2": {
      "integrity": "sha512-Mz+mc7okA73Lyz8zQKJNyr7lIcHLiPYp0+oiqiMNc/t7/Kf2BENs5d63pEj7oPqdjaum6g0Fc8wC78dY1TgtXw==",
      "dependencies": [
        "@smithy/is-array-buffer@4.0.0",
        "@smithy/protocol-http",
        "@smithy/types",
        "@smithy/util-hex-encoding",
        "@smithy/util-middleware",
        "@smithy/util-uri-escape",
        "@smithy/util-utf8@4.0.0",
        "tslib"
      ]
    },
    "@smithy/smithy-client@4.2.0": {
      "integrity": "sha512-Qs65/w30pWV7LSFAez9DKy0Koaoh3iHhpcpCCJ4waj/iqwsuSzJna2+vYwq46yBaqO5ZbP9TjUsATUNxrKeBdw==",
      "dependencies": [
        "@smithy/core",
        "@smithy/middleware-endpoint",
        "@smithy/middleware-stack",
        "@smithy/protocol-http",
        "@smithy/types",
        "@smithy/util-stream",
        "tslib"
      ]
    },
    "@smithy/types@4.2.0": {
      "integrity": "sha512-7eMk09zQKCO+E/ivsjQv+fDlOupcFUCSC/L2YUPgwhvowVGWbPQHjEFcmjt7QQ4ra5lyowS92SV53Zc6XD4+fg==",
      "dependencies": [
        "tslib"
      ]
    },
    "@smithy/url-parser@4.0.2": {
      "integrity": "sha512-Bm8n3j2ScqnT+kJaClSVCMeiSenK6jVAzZCNewsYWuZtnBehEz4r2qP0riZySZVfzB+03XZHJeqfmJDkeeSLiQ==",
      "dependencies": [
        "@smithy/querystring-parser",
        "@smithy/types",
        "tslib"
      ]
    },
    "@smithy/util-base64@4.0.0": {
      "integrity": "sha512-CvHfCmO2mchox9kjrtzoHkWHxjHZzaFojLc8quxXY7WAAMAg43nuxwv95tATVgQFNDwd4M9S1qFzj40Ul41Kmg==",
      "dependencies": [
        "@smithy/util-buffer-from@4.0.0",
        "@smithy/util-utf8@4.0.0",
        "tslib"
      ]
    },
    "@smithy/util-body-length-browser@4.0.0": {
      "integrity": "sha512-sNi3DL0/k64/LO3A256M+m3CDdG6V7WKWHdAiBBMUN8S3hK3aMPhwnPik2A/a2ONN+9doY9UxaLfgqsIRg69QA==",
      "dependencies": [
        "tslib"
      ]
    },
    "@smithy/util-body-length-node@4.0.0": {
      "integrity": "sha512-q0iDP3VsZzqJyje8xJWEJCNIu3lktUGVoSy1KB0UWym2CL1siV3artm+u1DFYTLejpsrdGyCSWBdGNjJzfDPjg==",
      "dependencies": [
        "tslib"
      ]
    },
    "@smithy/util-buffer-from@2.2.0": {
      "integrity": "sha512-IJdWBbTcMQ6DA0gdNhh/BwrLkDR+ADW5Kr1aZmd4k3DIF6ezMV4R2NIAmT08wQJ3yUK82thHWmC/TnK/wpMMIA==",
      "dependencies": [
        "@smithy/is-array-buffer@2.2.0",
        "tslib"
      ]
    },
    "@smithy/util-buffer-from@4.0.0": {
      "integrity": "sha512-9TOQ7781sZvddgO8nxueKi3+yGvkY35kotA0Y6BWRajAv8jjmigQ1sBwz0UX47pQMYXJPahSKEKYFgt+rXdcug==",
      "dependencies": [
        "@smithy/is-array-buffer@4.0.0",
        "tslib"
      ]
    },
    "@smithy/util-config-provider@4.0.0": {
      "integrity": "sha512-L1RBVzLyfE8OXH+1hsJ8p+acNUSirQnWQ6/EgpchV88G6zGBTDPdXiiExei6Z1wR2RxYvxY/XLw6AMNCCt8H3w==",
      "dependencies": [
        "tslib"
      ]
    },
    "@smithy/util-defaults-mode-browser@4.0.8": {
      "integrity": "sha512-ZTypzBra+lI/LfTYZeop9UjoJhhGRTg3pxrNpfSTQLd3AJ37r2z4AXTKpq1rFXiiUIJsYyFgNJdjWRGP/cbBaQ==",
      "dependencies": [
        "@smithy/property-provider",
        "@smithy/smithy-client",
        "@smithy/types",
        "bowser",
        "tslib"
      ]
    },
    "@smithy/util-defaults-mode-node@4.0.8": {
      "integrity": "sha512-Rgk0Jc/UDfRTzVthye/k2dDsz5Xxs9LZaKCNPgJTRyoyBoeiNCnHsYGOyu1PKN+sDyPnJzMOz22JbwxzBp9NNA==",
      "dependencies": [
        "@smithy/config-resolver",
        "@smithy/credential-provider-imds",
        "@smithy/node-config-provider",
        "@smithy/property-provider",
        "@smithy/smithy-client",
        "@smithy/types",
        "tslib"
      ]
    },
    "@smithy/util-endpoints@3.0.2": {
      "integrity": "sha512-6QSutU5ZyrpNbnd51zRTL7goojlcnuOB55+F9VBD+j8JpRY50IGamsjlycrmpn8PQkmJucFW8A0LSfXj7jjtLQ==",
      "dependencies": [
        "@smithy/node-config-provider",
        "@smithy/types",
        "tslib"
      ]
    },
    "@smithy/util-hex-encoding@4.0.0": {
      "integrity": "sha512-Yk5mLhHtfIgW2W2WQZWSg5kuMZCVbvhFmC7rV4IO2QqnZdbEFPmQnCcGMAX2z/8Qj3B9hYYNjZOhWym+RwhePw==",
      "dependencies": [
        "tslib"
      ]
    },
    "@smithy/util-middleware@4.0.2": {
      "integrity": "sha512-6GDamTGLuBQVAEuQ4yDQ+ti/YINf/MEmIegrEeg7DdB/sld8BX1lqt9RRuIcABOhAGTA50bRbPzErez7SlDtDQ==",
      "dependencies": [
        "@smithy/types",
        "tslib"
      ]
    },
    "@smithy/util-retry@4.0.2": {
      "integrity": "sha512-Qryc+QG+7BCpvjloFLQrmlSd0RsVRHejRXd78jNO3+oREueCjwG1CCEH1vduw/ZkM1U9TztwIKVIi3+8MJScGg==",
      "dependencies": [
        "@smithy/service-error-classification",
        "@smithy/types",
        "tslib"
      ]
    },
    "@smithy/util-stream@4.2.0": {
      "integrity": "sha512-Vj1TtwWnuWqdgQI6YTUF5hQ/0jmFiOYsc51CSMgj7QfyO+RF4EnT2HNjoviNlOOmgzgvf3f5yno+EiC4vrnaWQ==",
      "dependencies": [
        "@smithy/fetch-http-handler",
        "@smithy/node-http-handler",
        "@smithy/types",
        "@smithy/util-base64",
        "@smithy/util-buffer-from@4.0.0",
        "@smithy/util-hex-encoding",
        "@smithy/util-utf8@4.0.0",
        "tslib"
      ]
    },
    "@smithy/util-uri-escape@4.0.0": {
      "integrity": "sha512-77yfbCbQMtgtTylO9itEAdpPXSog3ZxMe09AEhm0dU0NLTalV70ghDZFR+Nfi1C60jnJoh/Re4090/DuZh2Omg==",
      "dependencies": [
        "tslib"
      ]
    },
    "@smithy/util-utf8@2.3.0": {
      "integrity": "sha512-R8Rdn8Hy72KKcebgLiv8jQcQkXoLMOGGv5uI1/k0l+snqkOzQ1R0ChUBCxWMlBsFMekWjq0wRudIweFs7sKT5A==",
      "dependencies": [
        "@smithy/util-buffer-from@2.2.0",
        "tslib"
      ]
    },
    "@smithy/util-utf8@4.0.0": {
      "integrity": "sha512-b+zebfKCfRdgNJDknHCob3O7FpeYQN6ZG6YLExMcasDHsCXlsXCEuiPZeLnJLpwa5dvPetGlnGCiMHuLwGvFow==",
      "dependencies": [
        "@smithy/util-buffer-from@4.0.0",
        "tslib"
      ]
    },
    "@smithy/util-waiter@4.0.3": {
      "integrity": "sha512-JtaY3FxmD+te+KSI2FJuEcfNC9T/DGGVf551babM7fAaXhjJUt7oSYurH1Devxd2+BOSUACCgt3buinx4UnmEA==",
      "dependencies": [
        "@smithy/abort-controller",
        "@smithy/types",
        "tslib"
      ]
    },
    "@types/uuid@9.0.8": {
      "integrity": "sha512-jg+97EGIcY9AGHJJRaaPVgetKDsrTgbRjQ5Msgjh/DQKEFl0DtyRr/VCOyD1T2R1MNeWPK/u7JoGhlDZnKBAfA=="
    },
    "atlassian-openapi@1.0.21": {
      "integrity": "sha512-1OnnoY2CQYHgXrce/06BltL7fox+uVY7brHUInyFbMpTURjTNIGXfLQxVDRo/2On7ryyKzkX7FfNApYhXw7f+w==",
      "dependencies": [
        "jsonpointer",
        "urijs"
      ]
    },
    "bowser@2.11.0": {
      "integrity": "sha512-AlcaJBi/pqqJBIQ8U9Mcpc9i8Aqxn88Skv5d+xBX006BY5u8N3mGLHa5Lgppa7L/HfwgwLgZ6NYs+Ag6uUmJRA=="
    },
    "fast-xml-parser@4.4.1": {
      "integrity": "sha512-xkjOecfnKGkSsOwtZ5Pz7Us/T6mrbPQrq0nh+aCO5V9nk5NLWmasAHumTKjiPJPWANe+kAZ84Jc8ooJkzZ88Sw==",
      "dependencies": [
        "strnum"
      ]
    },
    "immer@10.1.1": {
      "integrity": "sha512-s2MPrmjovJcoMaHtx6K11Ra7oD05NT97w1IC5zpMkT6Atjr7H8LjaDd81iIxUYpMKSRRNMJE703M1Fhr/TctHw=="
    },
    "jose@6.0.10": {
      "integrity": "sha512-skIAxZqcMkOrSwjJvplIPYrlXGpxTPnro2/QWTDCxAdWQrSTV5/KqspMWmi5WAx5+ULswASJiZ0a+1B/Lxt9cw=="
    },
    "jsonpointer@5.0.1": {
      "integrity": "sha512-p/nXbhSEcu3pZRdkW1OfJhpsVtW1gd4Wa1fnQc9YLiTfAjn0312eMKimbdIQzuZl9aa9xUGaRlP9T/CJE/ditQ=="
    },
    "lodash@4.17.21": {
      "integrity": "sha512-v2kDEe57lecTulaDIuNTPy3Ry4gLGJ6Z1O3vE1krgXZNrsQ+LFTGHVxVjcXPs17LhbZVGedAJv8XZ1tvj5FvSg=="
    },
    "openapi-merge@1.3.3": {
      "integrity": "sha512-zC6DE+ekFJwWMwssb+LOkZbYqlA/LCaFT4RdhSpDpxF4vaMoPNDuztWFkEAImhLMg4GKvoQH6gUvAKzaXDRC2A==",
      "dependencies": [
        "atlassian-openapi",
        "lodash",
        "ts-is-present"
      ]
    },
    "rxjs@7.8.2": {
      "integrity": "sha512-dhKf903U/PQZY6boNNtAGdWbG85WAbjT/1xYoZIC7FAY0yWapOBQVsVrDl58W86//e1VpMNBtRV4MaXfdMySFA==",
      "dependencies": [
        "tslib"
      ]
    },
    "strnum@1.1.2": {
      "integrity": "sha512-vrN+B7DBIoTTZjnPNewwhx6cBA/H+IS7rfW68n7XxC1y7uoiGQBxaKzqucGUgavX15dJgiGztLJ8vxuEzwqBdA=="
    },
    "ts-is-present@1.2.2": {
      "integrity": "sha512-cA5MPLWGWYXvnlJb4TamUUx858HVHBsxxdy8l7jxODOLDyGYnQOllob2A2jyDghGa5iJHs2gzFNHvwGJ0ZfR8g=="
    },
    "tslib@2.8.1": {
      "integrity": "sha512-oJFu94HQb+KVduSUQL7wnpmqnfmLsOA/nAh6b6EH0wCEoK0/mPeXU6c3wKDV83MkOuHPRHtSXKKU99IBazS/2w=="
    },
    "type-fest@4.39.1": {
      "integrity": "sha512-uW9qzd66uyHYxwyVBYiwS4Oi0qZyUqwjU+Oevr6ZogYiXt99EOYtwvzMSLw1c3lYo2HzJsep/NB23iEVEgjG/w=="
    },
    "urijs@1.19.11": {
      "integrity": "sha512-HXgFDgDommxn5/bIv0cnQZsPhHDA90NPHD6+c/v21U5+Sx5hoP8+dP9IZXBU1gIfvdRfhG8cel9QNPeionfcCQ=="
    },
    "uuid@9.0.1": {
      "integrity": "sha512-b+1eJOlsR9K8HJpow9Ok3fiWOWSIcIzXodvv0rQjVoOVNpWMpxf1wZNpt4y9h10odCNrqnYp1OBzRktckBe3sA=="
    }
  },
  "workspace": {
    "dependencies": [
      "jsr:@std/assert@^1.0.12",
      "jsr:@std/async@^1.0.12",
      "jsr:@std/collections@^1.0.10",
      "jsr:@std/crypto@^1.0.4",
      "jsr:@std/encoding@^1.0.9",
      "jsr:@std/fmt@^1.0.6",
      "jsr:@std/fs@^1.0.16",
      "jsr:@std/http@^1.0.14",
      "jsr:@std/path@^1.0.8",
      "jsr:@std/streams@^1.0.9",
      "jsr:@std/yaml@^1.0.5",
      "jsr:@wok/case@^1.0.2",
      "jsr:@wok/deup@3",
      "jsr:@wok/helmet@^4.0.6",
      "jsr:@wok/k8s-api@^1.32.2",
      "jsr:@wok/k8s-utils@^2.2.1",
      "jsr:@wok/openapi-client@^1.0.4",
      "jsr:@wok/prometheus@^1.0.2",
      "jsr:@wok/schema@3",
      "jsr:@wok/typebox@2",
      "jsr:@wok/utils@^5.2.2",
      "npm:@aws-sdk/client-ec2@^3.787.0",
      "npm:@octokit/webhooks-types@^7.6.1",
      "npm:immer@^10.1.1",
      "npm:jose@^6.0.10",
      "npm:openapi-merge@^1.3.3",
      "npm:rxjs@^7.8.2",
      "npm:type-fest@^4.39.1"
    ]
  }
}
