{
  "nodes": {
    "fdbPkgs": {
      "inputs": {
        "flakeUtils": [
          "flakeUtils"
        ],
        "nixpkgs": [
          "nixpkgs"
        ]
      },
      "locked": {
        "lastModified": 1637044763,
        "narHash": "sha256-eV0PVYvG1orm7EMNxsiDvTmDKA3ysF8gyGXS7+ucZe4=",
        "owner": "shopstic",
        "repo": "nix-fdb",
        "rev": "6db2a9758aedc155e814f6f231d676b188cd4977",
        "type": "github"
      },
      "original": {
        "owner": "shopstic",
        "repo": "nix-fdb",
        "type": "github"
      }
    },
    "flakeUtils": {
      "locked": {
        "lastModified": 1637014545,
        "narHash": "sha256-26IZAc5yzlD9FlDT54io1oqG/bBoyka+FJk5guaX4x4=",
        "owner": "numtide",
        "repo": "flake-utils",
        "rev": "bba5dcc8e0b20ab664967ad83d24d64cb64ec4f4",
        "type": "github"
      },
      "original": {
        "owner": "numtide",
        "repo": "flake-utils",
        "type": "github"
      }
    },
    "hotPot": {
      "inputs": {
        "flakeUtils": [
          "flakeUtils"
        ],
        "nixpkgs": [
          "nixpkgs"
        ]
      },
      "locked": {
        "lastModified": 1637653213,
        "narHash": "sha256-jMUFc1DLzrfBPe90q2e63dqj1eLbn78xYrwD5sNT/6g=",
        "owner": "shopstic",
        "repo": "nix-hot-pot",
        "rev": "ab6bbdcfa26df3ae5fb8b705c0c11d97ec9f2e78",
        "type": "github"
      },
      "original": {
        "owner": "shopstic",
        "repo": "nix-hot-pot",
        "type": "github"
      }
    },
    "nixpkgs": {
      "locked": {
        "lastModified": 1636637818,
        "narHash": "sha256-hC117rP0yLZIMHlrLsgoM9yUBXX/pIPITAfmesuk3sM=",
        "owner": "nixos",
        "repo": "nixpkgs",
        "rev": "29830319abf5a925921885974faae5509312b940",
        "type": "github"
      },
      "original": {
        "owner": "nixos",
        "repo": "nixpkgs",
        "rev": "29830319abf5a925921885974faae5509312b940",
        "type": "github"
      }
    },
    "root": {
      "inputs": {
        "fdbPkgs": "fdbPkgs",
        "flakeUtils": "flakeUtils",
        "hotPot": "hotPot",
        "nixpkgs": "nixpkgs"
      }
    }
  },
  "root": "root",
  "version": 7
}
